
Microsoft Visual Studio Solution File, Format Version 12.00
# Visual Studio 14
VisualStudioVersion = 14.0.25420.1
MinimumVisualStudioVersion = 10.0.40219.1
Project("{FAE04EC0-301F-11D3-BF4B-00C04F79EFBC}") = "Plz-Server", "Plz-Server\Plz-Server.csproj", "{7BFC25AD-161D-4D39-8E4C-966FA3C80538}"
EndProject
Project("{FAE04EC0-301F-11D3-BF4B-00C04F79EFBC}") = "Plz-Client-Console", "Plz-Client-Console\Plz-Client-Console.csproj", "{24E32AAD-286C-46E6-BBED-C9862839E025}"
EndProject
Project("{FAE04EC0-301F-11D3-BF4B-00C04F79EFBC}") = "Plz-Client-GUI", "Plz-Client-GUI\Plz-Client-GUI.csproj", "{843939E1-8BC5-49AD-AC3A-32E2C6A96BCB}"
EndProject
Global
	GlobalSection(SolutionConfigurationPlatforms) = preSolution
		Debug|Any CPU = Debug|Any CPU
		Release|Any CPU = Release|Any CPU
	EndGlobalSection
	GlobalSection(ProjectConfigurationPlatforms) = postSolution
		{7BFC25AD-161D-4D39-8E4C-966FA3C80538}.Debug|Any CPU.ActiveCfg = Debug|Any CPU
		{7BFC25AD-161D-4D39-8E4C-966FA3C80538}.Debug|Any CPU.Build.0 = Debug|Any CPU
		{7BFC25AD-161D-4D39-8E4C-966FA3C80538}.Release|Any CPU.ActiveCfg = Release|Any CPU
		{7BFC25AD-161D-4D39-8E4C-966FA3C80538}.Release|Any CPU.Build.0 = Release|Any CPU
		{24E32AAD-286C-46E6-BBED-C9862839E025}.Debug|Any CPU.ActiveCfg = Debug|Any CPU
		{24E32AAD-286C-46E6-BBED-C9862839E025}.Debug|Any CPU.Build.0 = Debug|Any CPU
		{24E32AAD-286C-46E6-BBED-C9862839E025}.Release|Any CPU.ActiveCfg = Release|Any CPU
		{24E32AAD-286C-46E6-BBED-C9862839E025}.Release|Any CPU.Build.0 = Release|Any CPU
		{843939E1-8BC5-49AD-AC3A-32E2C6A96BCB}.Debug|Any CPU.ActiveCfg = Debug|Any CPU
		{843939E1-8BC5-49AD-AC3A-32E2C6A96BCB}.Debug|Any CPU.Build.0 = Debug|Any CPU
		{843939E1-8BC5-49AD-AC3A-32E2C6A96BCB}.Release|Any CPU.ActiveCfg = Release|Any CPU
		{843939E1-8BC5-49AD-AC3A-32E2C6A96BCB}.Release|Any CPU.Build.0 = Release|Any CPU
	EndGlobalSection
	GlobalSection(SolutionProperties) = preSolution
		HideSolutionNode = FALSE
	EndGlobalSection
EndGlobal
